Microsoft Visual Studio Solution File, Format Version 11.00
# Visual Studio 2010
Project("{8BC9CEB8-8B4A-11D0-8D11-00A0C91BC942}") = "FiftyOne.Mobile.Detection.Performance", "Performance\FiftyOne.Mobile.Detection.Performance.vcxproj", "{45F62836-21F2-4EF0-BC59-2A5C2652750D}"
EndProject
Global
	GlobalSection(SolutionConfigurationPlatforms) = preSolution
		Debug|x64 = Debug|x64
		Release|x64 = Release|x64
	EndGlobalSection
	GlobalSection(ProjectConfigurationPlatforms) = postSolution
		{45F62836-21F2-4EF0-BC59-2A5C2652750D}.Debug|x64.ActiveCfg = Debug|x64
		{45F62836-21F2-4EF0-BC59-2A5C2652750D}.Debug|x64.Build.0 = Debug|x64
		{45F62836-21F2-4EF0-BC59-2A5C2652750D}.Release|x64.ActiveCfg = Release|x64
		{45F62836-21F2-4EF0-BC59-2A5C2652750D}.Release|x64.Build.0 = Release|x64
	EndGlobalSection
	GlobalSection(SolutionProperties) = preSolution
		HideSolutionNode = FALSE
	EndGlobalSection
EndGlobal