<?xml version="1.0" encoding="UTF-8" standalone="yes" ?>
<CodeBlocks_project_file>
	<FileVersion major="1" minor="6" />
	<Project>
		<Option title="Console" />
		<Option pch_mode="2" />
		<Option compiler="gcc" />
		<Build>
			<Target title="MSVC Debug">
				<Option output="bin/Debug/Console" prefix_auto="1" extension_auto="1" />
				<Option object_output="obj/Debug/" />
				<Option type="1" />
				<Option compiler="msvc10" />
				<Option parameters='&quot;../data/51Degrees-LiteV3.2.dat&quot;' />
				<Compiler>
					<Add option="-g" />
					<Add option="-wd4668" />
					<Add option="-wd4711" />
					<Add option="-wd4820" />
					<Add option="-wd4005" />
					<Add option="-wd4255" />
					<Add option="-wd4152" />
					<Add option="-wd4054" />
					<Add option="/DHAVE_SNPRINTF" />
					<Add option="/D_CRT_SECURE_NO_WARNINGS" />
				</Compiler>
			</Target>
			<Target title="MSVC Release">
				<Option output="bin/Release/Console" prefix_auto="1" extension_auto="1" />
				<Option object_output="obj/Release/" />
				<Option type="1" />
				<Option compiler="msvc10" />
				<Option parameters='&quot;../data/51Degrees-LiteV3.2.dat&quot;' />
				<Compiler>
					<Add option="-O2" />
					<Add option="-wd4668" />
					<Add option="-wd4711" />
					<Add option="-wd4820" />
					<Add option="-wd4005" />
					<Add option="-wd4255" />
					<Add option="-wd4152" />
					<Add option="-wd4054" />
					<Add option="/DHAVE_SNPRINTF" />
					<Add option="/D_CRT_SECURE_NO_WARNINGS" />
				</Compiler>
				<Linker>
					<Add option="-s" />
				</Linker>
			</Target>
			<Target title="GCC Debug">
				<Option output="bin/Debug/Console" prefix_auto="1" extension_auto="1" />
				<Option object_output="obj/Debug/" />
				<Option type="1" />
				<Option compiler="gcc" />
				<Option parameters='&quot;../data/51Degrees-LiteV3.2.dat&quot;' />
				<Compiler>
					<Add option="-g" />
					<Add option="-DHAVE_SNPRINTF" />
					<Add option="-DFIFTYONEDEGREES_NO_THREADING" />
				</Compiler>
			</Target>
			<Target title="GCC Release">
				<Option output="bin/Release/Console" prefix_auto="1" extension_auto="1" />
				<Option object_output="obj/Release/" />
				<Option type="1" />
				<Option compiler="gcc" />
				<Option parameters='&quot;../data/51Degrees-LiteV3.2.dat&quot;' />
				<Compiler>
					<Add option="-DHAVE_SNPRINTF" />
					<Add option="-DFIFTYONEDEGREES_NO_THREADING" />
				</Compiler>
			</Target>
			<Target title="G++ Pattern Debug">
				<Option output="bin/Debug/Console" prefix_auto="1" extension_auto="1" />
				<Option object_output="obj/Debug/" />
				<Option type="1" />
				<Option compiler="gcc" />
				<Option parameters='&quot;../data/51Degrees-LiteV3.2.dat&quot;' />
				<Compiler>
					<Add option="-g" />
					<Add option="-DHAVE_SNPRINTF" />
					<Add option="-DFIFTYONEDEGREES_NO_THREADING" />
					<Add directory="include" />
				</Compiler>
			</Target>
			<Target title="G++ Pattern Release">
				<Option output="bin/Release/Console" prefix_auto="1" extension_auto="1" />
				<Option object_output="obj/Release/" />
				<Option type="1" />
				<Option compiler="gcc" />
				<Option parameters='&quot;../data/51Degrees-LiteV3.2.dat&quot;' />
				<Compiler>
					<Add option="-DHAVE_SNPRINTF" />
					<Add option="-DFIFTYONEDEGREES_NO_THREADING" />
					<Add directory="include" />
				</Compiler>
			</Target>
			<Target title="G++ Trie Debug">
				<Option output="bin/Debug/Console" prefix_auto="1" extension_auto="1" />
				<Option object_output="obj/Debug/" />
				<Option type="1" />
				<Option compiler="gcc" />
				<Option parameters='&quot;../data/51Degrees-LiteV3.4.trie&quot;' />
				<Compiler>
					<Add option="-g" />
					<Add option="-DHAVE_SNPRINTF" />
					<Add option="-DFIFTYONEDEGREES_NO_THREADING" />
					<Add directory="include" />
				</Compiler>
			</Target>
			<Target title="G++ Trie Release">
				<Option output="bin/Release/Console" prefix_auto="1" extension_auto="1" />
				<Option object_output="obj/Release/" />
				<Option type="1" />
				<Option compiler="gcc" />
				<Option parameters='&quot;../data/51Degrees-LiteV3.4.trie&quot;' />
				<Compiler>
					<Add option="-g" />
					<Add option="-DHAVE_SNPRINTF" />
					<Add option="-DFIFTYONEDEGREES_NO_THREADING" />
					<Add directory="include" />
				</Compiler>
			</Target>
			<Target title="MSVC++ Debug">
				<Option output="bin/Debug/Console" prefix_auto="1" extension_auto="1" />
				<Option object_output="obj/Debug/" />
				<Option type="1" />
				<Option compiler="msvc10" />
				<Option parameters='&quot;../data/51Degrees-LiteV3.2.dat&quot;' />
				<Compiler>
					<Add option="-g" />
					<Add option="-wd4668" />
					<Add option="-wd4711" />
					<Add option="-wd4820" />
					<Add option="-wd4005" />
					<Add option="-wd4255" />
					<Add option="-wd4152" />
					<Add option="-wd4054" />
					<Add option="/DHAVE_SNPRINTF" />
					<Add option="/D_CRT_SECURE_NO_WARNINGS" />
				</Compiler>
			</Target>
		</Build>
		<Compiler>
			<Add option="-Wall" />
		</Compiler>
		<Unit filename="../src/cityhash/city.c">
			<Option compilerVar="CC" />
			<Option target="MSVC Debug" />
			<Option target="MSVC Release" />
			<Option target="GCC Debug" />
			<Option target="GCC Release" />
			<Option target="G++ Pattern Debug" />
			<Option target="G++ Pattern Release" />
			<Option target="MSVC++ Debug" />
		</Unit>
		<Unit filename="../src/cityhash/city.h">
			<Option target="MSVC Debug" />
			<Option target="MSVC Release" />
			<Option target="GCC Debug" />
			<Option target="GCC Release" />
			<Option target="G++ Pattern Debug" />
			<Option target="G++ Pattern Release" />
			<Option target="MSVC++ Debug" />
		</Unit>
		<Unit filename="../src/cityhash/citycrc.h">
			<Option target="MSVC Debug" />
			<Option target="MSVC Release" />
			<Option target="GCC Debug" />
			<Option target="GCC Release" />
			<Option target="G++ Pattern Debug" />
			<Option target="G++ Pattern Release" />
			<Option target="MSVC++ Debug" />
		</Unit>
		<Unit filename="../src/console/Console.c">
			<Option compilerVar="CC" />
			<Option target="MSVC Debug" />
			<Option target="MSVC Release" />
			<Option target="GCC Debug" />
			<Option target="GCC Release" />
		</Unit>
		<Unit filename="../src/console/Console.cpp">
			<Option target="G++ Pattern Debug" />
			<Option target="G++ Pattern Release" />
			<Option target="G++ Trie Debug" />
			<Option target="G++ Trie Release" />
			<Option target="MSVC++ Debug" />
		</Unit>
		<Unit filename="../src/pattern/51Degrees.c">
			<Option compilerVar="CC" />
			<Option target="MSVC Debug" />
			<Option target="MSVC Release" />
			<Option target="GCC Debug" />
			<Option target="GCC Release" />
			<Option target="G++ Pattern Debug" />
			<Option target="G++ Pattern Release" />
			<Option target="MSVC++ Debug" />
		</Unit>
		<Unit filename="../src/pattern/51Degrees.h">
			<Option target="MSVC Debug" />
			<Option target="MSVC Release" />
			<Option target="GCC Debug" />
			<Option target="GCC Release" />
			<Option target="G++ Pattern Debug" />
			<Option target="G++ Pattern Release" />
			<Option target="MSVC++ Debug" />
		</Unit>
		<Unit filename="../src/pattern/Match.cpp">
			<Option target="G++ Pattern Debug" />
			<Option target="G++ Pattern Release" />
			<Option target="MSVC++ Debug" />
		</Unit>
		<Unit filename="../src/pattern/Match.hpp">
			<Option target="G++ Pattern Debug" />
			<Option target="G++ Pattern Release" />
			<Option target="MSVC++ Debug" />
		</Unit>
		<Unit filename="../src/pattern/Profiles.cpp">
			<Option target="G++ Pattern Debug" />
			<Option target="G++ Pattern Release" />
			<Option target="MSVC++ Debug" />
		</Unit>
		<Unit filename="../src/pattern/Profiles.hpp">
			<Option target="G++ Pattern Debug" />
			<Option target="G++ Pattern Release" />
			<Option target="MSVC++ Debug" />
		</Unit>
		<Unit filename="../src/pattern/Provider.cpp">
			<Option target="G++ Pattern Debug" />
			<Option target="G++ Pattern Release" />
			<Option target="MSVC++ Debug" />
		</Unit>
		<Unit filename="../src/pattern/Provider.hpp">
			<Option target="G++ Pattern Debug" />
			<Option target="G++ Pattern Release" />
			<Option target="MSVC++ Debug" />
		</Unit>
		<Unit filename="../src/trie/51Degrees.c">
			<Option compilerVar="CC" />
			<Option target="G++ Trie Debug" />
			<Option target="G++ Trie Release" />
		</Unit>
		<Unit filename="../src/trie/51Degrees.h">
			<Option target="G++ Trie Debug" />
			<Option target="G++ Trie Release" />
		</Unit>
		<Unit filename="../src/trie/Match.cpp">
			<Option target="G++ Trie Debug" />
			<Option target="G++ Trie Release" />
		</Unit>
		<Unit filename="../src/trie/Match.hpp">
			<Option target="G++ Trie Debug" />
			<Option target="G++ Trie Release" />
		</Unit>
		<Unit filename="../src/trie/Provider.cpp">
			<Option target="G++ Trie Debug" />
			<Option target="G++ Trie Release" />
		</Unit>
		<Unit filename="../src/trie/Provider.hpp">
			<Option target="G++ Trie Debug" />
			<Option target="G++ Trie Release" />
		</Unit>
		<Extensions>
			<code_completion />
			<envvars />
			<debugger />
			<lib_finder disable_auto="1" />
		</Extensions>
	</Project>
</CodeBlocks_project_file>
