
Microsoft Visual Studio Solution File, Format Version 12.00
# Visual Studio 14
VisualStudioVersion = 14.0.25420.1
MinimumVisualStudioVersion = 10.0.40219.1
Project("{8BC9CEB8-8B4A-11D0-8D11-00A0C91BC942}") = "Console", "Console\Console.vcxproj", "{A15A0ED0-810E-43BA-8113-C037DCBBE798}"
EndProject
Project("{8BC9CEB8-8B4A-11D0-8D11-00A0C91BC942}") = "ProcPat", "ProcPat\ProcPat.vcxproj", "{68A9192E-5CF0-4D0B-B669-3B417041B4C0}"
EndProject
Project("{8BC9CEB8-8B4A-11D0-8D11-00A0C91BC942}") = "PerfPat", "PerfPat\PerfPat.vcxproj", "{37BA367F-4FC6-400C-A263-7C55F6AAF571}"
EndProject
Project("{8BC9CEB8-8B4A-11D0-8D11-00A0C91BC942}") = "PerfTrie", "PerfTrie\PerfTrie.vcxproj", "{C25BB61E-5453-4396-A0F6-396271781A89}"
EndProject
Project("{8BC9CEB8-8B4A-11D0-8D11-00A0C91BC942}") = "ProcTrie", "ProcTrie\ProcTrie.vcxproj", "{40CEEF4C-8CF9-48D7-8E86-47F3D9FEE848}"
EndProject
Project("{FAE04EC0-301F-11D3-BF4B-00C04F79EFBC}") = "FiftyOne.WebSite", "Demo\FiftyOne.WebSite.csproj", "{B6C0DF13-E2E1-44D1-AC53-497926C80FE2}"
	ProjectSection(ProjectDependencies) = postProject
		{D39A2535-C67B-41FE-AC49-8CB41286E7D0} = {D39A2535-C67B-41FE-AC49-8CB41286E7D0}
		{1B83A844-3FFC-4414-A101-AEE0008570DA} = {1B83A844-3FFC-4414-A101-AEE0008570DA}
	EndProjectSection
EndProject
Project("{FAE04EC0-301F-11D3-BF4B-00C04F79EFBC}") = "FiftyOne.Mobile.Detection.Provider.Interop", "Interop\FiftyOne.Mobile.Detection.Provider.Interop.csproj", "{91AFCD8C-4F1C-4372-A179-0FD92EF4B54E}"
	ProjectSection(ProjectDependencies) = postProject
		{D39A2535-C67B-41FE-AC49-8CB41286E7D0} = {D39A2535-C67B-41FE-AC49-8CB41286E7D0}
		{1B83A844-3FFC-4414-A101-AEE0008570DA} = {1B83A844-3FFC-4414-A101-AEE0008570DA}
	EndProjectSection
EndProject
Project("{8BC9CEB8-8B4A-11D0-8D11-00A0C91BC942}") = "FiftyOne.Mobile.Detection.Provider.Pattern", "Pattern\FiftyOne.Mobile.Detection.Provider.Pattern.vcxproj", "{D39A2535-C67B-41FE-AC49-8CB41286E7D0}"
EndProject
Project("{8BC9CEB8-8B4A-11D0-8D11-00A0C91BC942}") = "FiftyOne.Mobile.Detection.Provider.Trie", "Trie\FiftyOne.Mobile.Detection.Provider.Trie.vcxproj", "{1B83A844-3FFC-4414-A101-AEE0008570DA}"
EndProject
Project("{2150E333-8FDC-42A3-9474-1A3956D46DE8}") = "Managed Code", "Managed Code", "{007308AB-97D5-493C-B9BD-35EF116A4582}"
EndProject
Project("{2150E333-8FDC-42A3-9474-1A3956D46DE8}") = "Standard Demos", "Standard Demos", "{D03AEB32-23B8-45DE-A877-5EBC085F2530}"
EndProject
Project("{FAE04EC0-301F-11D3-BF4B-00C04F79EFBC}") = "Console Interop", "Console Interop\Console Interop.csproj", "{24E05475-3F1D-41F3-BA47-CA27FC0B945A}"
	ProjectSection(ProjectDependencies) = postProject
		{D39A2535-C67B-41FE-AC49-8CB41286E7D0} = {D39A2535-C67B-41FE-AC49-8CB41286E7D0}
		{1B83A844-3FFC-4414-A101-AEE0008570DA} = {1B83A844-3FFC-4414-A101-AEE0008570DA}
	EndProjectSection
EndProject
Project("{FAE04EC0-301F-11D3-BF4B-00C04F79EFBC}") = "FiftyOne.UnitTests", "UnitTests\FiftyOne.UnitTests.csproj", "{B200CB07-FD50-44DE-A743-6DAC414C20A2}"
	ProjectSection(ProjectDependencies) = postProject
		{D39A2535-C67B-41FE-AC49-8CB41286E7D0} = {D39A2535-C67B-41FE-AC49-8CB41286E7D0}
		{1B83A844-3FFC-4414-A101-AEE0008570DA} = {1B83A844-3FFC-4414-A101-AEE0008570DA}
	EndProjectSection
EndProject
Project("{2150E333-8FDC-42A3-9474-1A3956D46DE8}") = "Solution Items", "Solution Items", "{0F5BF6CD-2D56-4017-A500-8A9B8B381B20}"
	ProjectSection(SolutionItems) = preProject
		README.md = README.md
	EndProjectSection
EndProject
Project("{2150E333-8FDC-42A3-9474-1A3956D46DE8}") = "Profile", "Profile", "{054D7DA4-F082-46FE-AD7C-6F07A7A39F7D}"
EndProject
Project("{FAE04EC0-301F-11D3-BF4B-00C04F79EFBC}") = "FiftyOne.Mobile.Detection.Memory", "Memory\FiftyOne.Mobile.Detection.Memory.csproj", "{6B415026-D6CC-48B7-9D20-E72FA5CD8B1E}"
EndProject
Project("{8BC9CEB8-8B4A-11D0-8D11-00A0C91BC942}") = "FiftyOne.Mobile.Detection.Performance", "Performance\FiftyOne.Mobile.Detection.Performance.vcxproj", "{45F62836-21F2-4EF0-BC59-2A5C2652750D}"
EndProject
Project("{2150E333-8FDC-42A3-9474-1A3956D46DE8}") = "src", "src", "{AD29E839-5C7B-46FF-BB14-E24BDDDA4C90}"
	ProjectSection(SolutionItems) = preProject
		..\src\README.md = ..\src\README.md
	EndProjectSection
EndProject
Project("{FAE04EC0-301F-11D3-BF4B-00C04F79EFBC}") = "FiftyOne.Foundation 4", "..\..\dotNET-Device-Detection\FoundationV3\FiftyOne.Foundation 4.csproj", "{9D658044-FB65-4939-8449-A3A1DEBBB31A}"
EndProject
Project("{2150E333-8FDC-42A3-9474-1A3956D46DE8}") = "Examples", "Examples", "{420BDE31-51EB-40EA-B7C4-050D5B40D297}"
EndProject
Project("{8BC9CEB8-8B4A-11D0-8D11-00A0C91BC942}") = "Getting Started", "Examples\Getting Started\Getting Started.vcxproj", "{8AA75274-57BF-4B04-B74E-2B5C397F911B}"
EndProject
Project("{8BC9CEB8-8B4A-11D0-8D11-00A0C91BC942}") = "Match Metrics", "Examples\Match Metrics\Match Metrics.vcxproj", "{7E01E915-ADF5-4D41-9A85-2F87107D7D3B}"
EndProject
Project("{8BC9CEB8-8B4A-11D0-8D11-00A0C91BC942}") = "Strongly Typed", "Examples\Strongly Typed\Strongly Typed.vcxproj", "{9E8075AF-B061-4721-A241-8214A53DCBB3}"
EndProject
Project("{8BC9CEB8-8B4A-11D0-8D11-00A0C91BC942}") = "Match For Device Id", "Examples\Match For Device Id\Match For Device Id.vcxproj", "{C11D3CCB-F720-400B-89F7-A3C60B7079CC}"
EndProject
Project("{8BC9CEB8-8B4A-11D0-8D11-00A0C91BC942}") = "Offline Processing", "Examples\Offline Processing\Offline Processing.vcxproj", "{634FC4BB-117C-46E5-B50D-B4E6AA3D8C79}"
EndProject
Project("{FAE04EC0-301F-11D3-BF4B-00C04F79EFBC}") = "Getting Started", "CS Examples\Getting Started\Getting Started.csproj", "{8F58E14B-0484-4D54-A885-D5E15A5595AF}"
EndProject
Project("{FAE04EC0-301F-11D3-BF4B-00C04F79EFBC}") = "Match Metrics", "CS Examples\Match Metrics\Match Metrics.csproj", "{26F53BDC-09CF-4ABD-BC77-5AEBDEB001FD}"
EndProject
Project("{FAE04EC0-301F-11D3-BF4B-00C04F79EFBC}") = "Match For Device Id", "CS Examples\Match For Device Id\Match For Device Id.csproj", "{AA197770-8BA3-464D-AAAD-DDFBAD1A2F3F}"
EndProject
Project("{FAE04EC0-301F-11D3-BF4B-00C04F79EFBC}") = "Strongly Typed", "CS Examples\Strongly Typed\Strongly Typed.csproj", "{C1DA4706-9D13-47EA-BA9A-48CA6D8A8F10}"
EndProject
Project("{FAE04EC0-301F-11D3-BF4B-00C04F79EFBC}") = "Offline Processing", "CS Examples\Offline Processing\Offline Processing.csproj", "{D43EA2C4-8979-474D-94EA-85056C7DB97F}"
EndProject
Project("{FAE04EC0-301F-11D3-BF4B-00C04F79EFBC}") = "Examples Tests", "CS Examples\Examples Tests\Examples Tests.csproj", "{CDAE2D2B-E4EF-4CF6-9B89-AC16B93C174B}"
EndProject
Project("{2150E333-8FDC-42A3-9474-1A3956D46DE8}") = "C", "C", "{DF20EFCE-8171-4272-A5A2-44E75A07B3C5}"
EndProject
Project("{2150E333-8FDC-42A3-9474-1A3956D46DE8}") = "CSharp", "CSharp", "{265E957D-344C-4140-9A1F-EE18B729F462}"
EndProject
Project("{2150E333-8FDC-42A3-9474-1A3956D46DE8}") = ".nuget", ".nuget", "{069CB48D-D42E-4D1F-A542-4C31ECFC9254}"
	ProjectSection(SolutionItems) = preProject
		.nuget\NuGet.Config = .nuget\NuGet.Config
		.nuget\NuGet.exe = .nuget\NuGet.exe
		.nuget\NuGet.targets = .nuget\NuGet.targets
	EndProjectSection
EndProject
Project("{8BC9CEB8-8B4A-11D0-8D11-00A0C91BC942}") = "Find Profiles", "Examples\Find Profiles\Find Profiles.vcxproj", "{22E3BB54-2542-4641-9A07-7EFE0DD64670}"
EndProject
Project("{FAE04EC0-301F-11D3-BF4B-00C04F79EFBC}") = "Find Profiles", "CS Examples\Find Profiles\Find Profiles.csproj", "{FD83A2A6-3A66-4F86-BA87-7577521913BB}"
EndProject
Project("{8BC9CEB8-8B4A-11D0-8D11-00A0C91BC942}") = "ReloadFromFile", "Examples\ReloadFromFile\ReloadFromFile.vcxproj", "{64B903CB-82E5-441C-8BC5-32BE24B30F5A}"
EndProject
Project("{8BC9CEB8-8B4A-11D0-8D11-00A0C91BC942}") = "ReloadFromMemory", "Examples\ReloadFromMemory\ReloadFromMemory.vcxproj", "{C7F539C1-757B-4007-8177-C100BACE800A}"
EndProject
Project("{8BC9CEB8-8B4A-11D0-8D11-00A0C91BC942}") = "Getting Started Trie", "Examples\Getting Started Trie\Getting Started Trie.vcxproj", "{B3E9FE89-CD37-4E20-973B-B091EA079076}"
EndProject
Project("{FAE04EC0-301F-11D3-BF4B-00C04F79EFBC}") = "Getting Started Trie", "CS Examples\Getting Started Trie\Getting Started Trie.csproj", "{BD9C0186-0952-487A-A0F9-90DE7C8CBA84}"
EndProject
Project("{8BC9CEB8-8B4A-11D0-8D11-00A0C91BC942}") = "Reload From File Trie", "Examples\Reload From File Trie\Reload From File Trie.vcxproj", "{174B912F-4CB9-4EE9-A6E5-65BB94948B6E}"
EndProject
Project("{8BC9CEB8-8B4A-11D0-8D11-00A0C91BC942}") = "Reload From Memory Trie", "Examples\Reload From Memory Trie\Reload From Memory Trie.vcxproj", "{890B74F4-D72A-4F93-A500-4EF2196CB3EB}"
EndProject
Project("{FAE04EC0-301F-11D3-BF4B-00C04F79EFBC}") = "Reload Data File Trie", "CS Examples\Reload Data File Trie\Reload Data File Trie.csproj", "{6F099305-7E81-4FD6-B803-43C2500A1212}"
EndProject
Project("{FAE04EC0-301F-11D3-BF4B-00C04F79EFBC}") = "Reload Data File", "CS Examples\Reload Data File\Reload Data File.csproj", "{0E073F36-0544-47C9-B489-32316F73EF2A}"
EndProject
Project("{FAE04EC0-301F-11D3-BF4B-00C04F79EFBC}") = "Reload From Memory", "CS Examples\Reload From Memory\Reload From Memory.csproj", "{D41921B5-5D5C-4C8D-86E9-47BB34DB61AD}"
EndProject
Project("{FAE04EC0-301F-11D3-BF4B-00C04F79EFBC}") = "Reload From Memory Trie", "CS Examples\Reload From Memory Trie\Reload From Memory Trie.csproj", "{DA4D5C59-7449-4121-AA9F-05043D119825}"
EndProject
Global
	GlobalSection(SolutionConfigurationPlatforms) = preSolution
		Debug|x64 = Debug|x64
		Release|x64 = Release|x64
	EndGlobalSection
	GlobalSection(ProjectConfigurationPlatforms) = postSolution
		{A15A0ED0-810E-43BA-8113-C037DCBBE798}.Debug|x64.ActiveCfg = Debug|x64
		{A15A0ED0-810E-43BA-8113-C037DCBBE798}.Debug|x64.Build.0 = Debug|x64
		{A15A0ED0-810E-43BA-8113-C037DCBBE798}.Release|x64.ActiveCfg = Release|x64
		{A15A0ED0-810E-43BA-8113-C037DCBBE798}.Release|x64.Build.0 = Release|x64
		{68A9192E-5CF0-4D0B-B669-3B417041B4C0}.Debug|x64.ActiveCfg = Debug|x64
		{68A9192E-5CF0-4D0B-B669-3B417041B4C0}.Debug|x64.Build.0 = Debug|x64
		{68A9192E-5CF0-4D0B-B669-3B417041B4C0}.Release|x64.ActiveCfg = Release|x64
		{68A9192E-5CF0-4D0B-B669-3B417041B4C0}.Release|x64.Build.0 = Release|x64
		{37BA367F-4FC6-400C-A263-7C55F6AAF571}.Debug|x64.ActiveCfg = Debug|x64
		{37BA367F-4FC6-400C-A263-7C55F6AAF571}.Debug|x64.Build.0 = Debug|x64
		{37BA367F-4FC6-400C-A263-7C55F6AAF571}.Release|x64.ActiveCfg = Release|x64
		{37BA367F-4FC6-400C-A263-7C55F6AAF571}.Release|x64.Build.0 = Release|x64
		{C25BB61E-5453-4396-A0F6-396271781A89}.Debug|x64.ActiveCfg = Debug|x64
		{C25BB61E-5453-4396-A0F6-396271781A89}.Debug|x64.Build.0 = Debug|x64
		{C25BB61E-5453-4396-A0F6-396271781A89}.Release|x64.ActiveCfg = Release|x64
		{C25BB61E-5453-4396-A0F6-396271781A89}.Release|x64.Build.0 = Release|x64
		{40CEEF4C-8CF9-48D7-8E86-47F3D9FEE848}.Debug|x64.ActiveCfg = Debug|x64
		{40CEEF4C-8CF9-48D7-8E86-47F3D9FEE848}.Debug|x64.Build.0 = Debug|x64
		{40CEEF4C-8CF9-48D7-8E86-47F3D9FEE848}.Release|x64.ActiveCfg = Release|x64
		{40CEEF4C-8CF9-48D7-8E86-47F3D9FEE848}.Release|x64.Build.0 = Release|x64
		{B6C0DF13-E2E1-44D1-AC53-497926C80FE2}.Debug|x64.ActiveCfg = Debug|x64
		{B6C0DF13-E2E1-44D1-AC53-497926C80FE2}.Debug|x64.Build.0 = Debug|x64
		{B6C0DF13-E2E1-44D1-AC53-497926C80FE2}.Release|x64.ActiveCfg = Release|x64
		{B6C0DF13-E2E1-44D1-AC53-497926C80FE2}.Release|x64.Build.0 = Release|x64
		{91AFCD8C-4F1C-4372-A179-0FD92EF4B54E}.Debug|x64.ActiveCfg = Debug|x64
		{91AFCD8C-4F1C-4372-A179-0FD92EF4B54E}.Debug|x64.Build.0 = Debug|x64
		{91AFCD8C-4F1C-4372-A179-0FD92EF4B54E}.Release|x64.ActiveCfg = Release|x64
		{91AFCD8C-4F1C-4372-A179-0FD92EF4B54E}.Release|x64.Build.0 = Release|x64
		{D39A2535-C67B-41FE-AC49-8CB41286E7D0}.Debug|x64.ActiveCfg = Debug|x64
		{D39A2535-C67B-41FE-AC49-8CB41286E7D0}.Debug|x64.Build.0 = Debug|x64
		{D39A2535-C67B-41FE-AC49-8CB41286E7D0}.Release|x64.ActiveCfg = Release|x64
		{D39A2535-C67B-41FE-AC49-8CB41286E7D0}.Release|x64.Build.0 = Release|x64
		{1B83A844-3FFC-4414-A101-AEE0008570DA}.Debug|x64.ActiveCfg = Debug|x64
		{1B83A844-3FFC-4414-A101-AEE0008570DA}.Debug|x64.Build.0 = Debug|x64
		{1B83A844-3FFC-4414-A101-AEE0008570DA}.Release|x64.ActiveCfg = Release|x64
		{1B83A844-3FFC-4414-A101-AEE0008570DA}.Release|x64.Build.0 = Release|x64
		{24E05475-3F1D-41F3-BA47-CA27FC0B945A}.Debug|x64.ActiveCfg = Debug|x64
		{24E05475-3F1D-41F3-BA47-CA27FC0B945A}.Debug|x64.Build.0 = Debug|x64
		{24E05475-3F1D-41F3-BA47-CA27FC0B945A}.Release|x64.ActiveCfg = Release|x64
		{24E05475-3F1D-41F3-BA47-CA27FC0B945A}.Release|x64.Build.0 = Release|x64
		{B200CB07-FD50-44DE-A743-6DAC414C20A2}.Debug|x64.ActiveCfg = Debug|x64
		{B200CB07-FD50-44DE-A743-6DAC414C20A2}.Debug|x64.Build.0 = Debug|x64
		{B200CB07-FD50-44DE-A743-6DAC414C20A2}.Release|x64.ActiveCfg = Release|x64
		{B200CB07-FD50-44DE-A743-6DAC414C20A2}.Release|x64.Build.0 = Release|x64
		{6B415026-D6CC-48B7-9D20-E72FA5CD8B1E}.Debug|x64.ActiveCfg = Debug|x64
		{6B415026-D6CC-48B7-9D20-E72FA5CD8B1E}.Debug|x64.Build.0 = Debug|x64
		{6B415026-D6CC-48B7-9D20-E72FA5CD8B1E}.Release|x64.ActiveCfg = Release|x64
		{6B415026-D6CC-48B7-9D20-E72FA5CD8B1E}.Release|x64.Build.0 = Release|x64
		{45F62836-21F2-4EF0-BC59-2A5C2652750D}.Debug|x64.ActiveCfg = Debug|x64
		{45F62836-21F2-4EF0-BC59-2A5C2652750D}.Debug|x64.Build.0 = Debug|x64
		{45F62836-21F2-4EF0-BC59-2A5C2652750D}.Release|x64.ActiveCfg = Release|x64
		{45F62836-21F2-4EF0-BC59-2A5C2652750D}.Release|x64.Build.0 = Release|x64
		{9D658044-FB65-4939-8449-A3A1DEBBB31A}.Debug|x64.ActiveCfg = Debug|x64
		{9D658044-FB65-4939-8449-A3A1DEBBB31A}.Debug|x64.Build.0 = Debug|x64
		{9D658044-FB65-4939-8449-A3A1DEBBB31A}.Release|x64.ActiveCfg = Release|x64
		{9D658044-FB65-4939-8449-A3A1DEBBB31A}.Release|x64.Build.0 = Release|x64
		{8AA75274-57BF-4B04-B74E-2B5C397F911B}.Debug|x64.ActiveCfg = Debug|x64
		{8AA75274-57BF-4B04-B74E-2B5C397F911B}.Debug|x64.Build.0 = Debug|x64
		{8AA75274-57BF-4B04-B74E-2B5C397F911B}.Release|x64.ActiveCfg = Release|x64
		{8AA75274-57BF-4B04-B74E-2B5C397F911B}.Release|x64.Build.0 = Release|x64
		{7E01E915-ADF5-4D41-9A85-2F87107D7D3B}.Debug|x64.ActiveCfg = Debug|x64
		{7E01E915-ADF5-4D41-9A85-2F87107D7D3B}.Debug|x64.Build.0 = Debug|x64
		{7E01E915-ADF5-4D41-9A85-2F87107D7D3B}.Release|x64.ActiveCfg = Release|x64
		{7E01E915-ADF5-4D41-9A85-2F87107D7D3B}.Release|x64.Build.0 = Release|x64
		{9E8075AF-B061-4721-A241-8214A53DCBB3}.Debug|x64.ActiveCfg = Debug|x64
		{9E8075AF-B061-4721-A241-8214A53DCBB3}.Debug|x64.Build.0 = Debug|x64
		{9E8075AF-B061-4721-A241-8214A53DCBB3}.Release|x64.ActiveCfg = Release|x64
		{9E8075AF-B061-4721-A241-8214A53DCBB3}.Release|x64.Build.0 = Release|x64
		{C11D3CCB-F720-400B-89F7-A3C60B7079CC}.Debug|x64.ActiveCfg = Debug|x64
		{C11D3CCB-F720-400B-89F7-A3C60B7079CC}.Debug|x64.Build.0 = Debug|x64
		{C11D3CCB-F720-400B-89F7-A3C60B7079CC}.Release|x64.ActiveCfg = Release|x64
		{C11D3CCB-F720-400B-89F7-A3C60B7079CC}.Release|x64.Build.0 = Release|x64
		{634FC4BB-117C-46E5-B50D-B4E6AA3D8C79}.Debug|x64.ActiveCfg = Debug|x64
		{634FC4BB-117C-46E5-B50D-B4E6AA3D8C79}.Debug|x64.Build.0 = Debug|x64
		{634FC4BB-117C-46E5-B50D-B4E6AA3D8C79}.Release|x64.ActiveCfg = Release|x64
		{634FC4BB-117C-46E5-B50D-B4E6AA3D8C79}.Release|x64.Build.0 = Release|x64
		{8F58E14B-0484-4D54-A885-D5E15A5595AF}.Debug|x64.ActiveCfg = Debug|x64
		{8F58E14B-0484-4D54-A885-D5E15A5595AF}.Debug|x64.Build.0 = Debug|x64
		{8F58E14B-0484-4D54-A885-D5E15A5595AF}.Release|x64.ActiveCfg = Release|x64
		{8F58E14B-0484-4D54-A885-D5E15A5595AF}.Release|x64.Build.0 = Release|x64
		{26F53BDC-09CF-4ABD-BC77-5AEBDEB001FD}.Debug|x64.ActiveCfg = Debug|x64
		{26F53BDC-09CF-4ABD-BC77-5AEBDEB001FD}.Debug|x64.Build.0 = Debug|x64
		{26F53BDC-09CF-4ABD-BC77-5AEBDEB001FD}.Release|x64.ActiveCfg = Release|x64
		{26F53BDC-09CF-4ABD-BC77-5AEBDEB001FD}.Release|x64.Build.0 = Release|x64
		{AA197770-8BA3-464D-AAAD-DDFBAD1A2F3F}.Debug|x64.ActiveCfg = Debug|x64
		{AA197770-8BA3-464D-AAAD-DDFBAD1A2F3F}.Debug|x64.Build.0 = Debug|x64
		{AA197770-8BA3-464D-AAAD-DDFBAD1A2F3F}.Release|x64.ActiveCfg = Release|x64
		{AA197770-8BA3-464D-AAAD-DDFBAD1A2F3F}.Release|x64.Build.0 = Release|x64
		{C1DA4706-9D13-47EA-BA9A-48CA6D8A8F10}.Debug|x64.ActiveCfg = Debug|x64
		{C1DA4706-9D13-47EA-BA9A-48CA6D8A8F10}.Debug|x64.Build.0 = Debug|x64
		{C1DA4706-9D13-47EA-BA9A-48CA6D8A8F10}.Release|x64.ActiveCfg = Release|x64
		{C1DA4706-9D13-47EA-BA9A-48CA6D8A8F10}.Release|x64.Build.0 = Release|x64
		{D43EA2C4-8979-474D-94EA-85056C7DB97F}.Debug|x64.ActiveCfg = Debug|x64
		{D43EA2C4-8979-474D-94EA-85056C7DB97F}.Debug|x64.Build.0 = Debug|x64
		{D43EA2C4-8979-474D-94EA-85056C7DB97F}.Release|x64.ActiveCfg = Release|x64
		{D43EA2C4-8979-474D-94EA-85056C7DB97F}.Release|x64.Build.0 = Release|x64
		{CDAE2D2B-E4EF-4CF6-9B89-AC16B93C174B}.Debug|x64.ActiveCfg = Debug|x64
		{CDAE2D2B-E4EF-4CF6-9B89-AC16B93C174B}.Debug|x64.Build.0 = Debug|x64
		{CDAE2D2B-E4EF-4CF6-9B89-AC16B93C174B}.Release|x64.ActiveCfg = Release|x64
		{CDAE2D2B-E4EF-4CF6-9B89-AC16B93C174B}.Release|x64.Build.0 = Release|x64
		{22E3BB54-2542-4641-9A07-7EFE0DD64670}.Debug|x64.ActiveCfg = Debug|x64
		{22E3BB54-2542-4641-9A07-7EFE0DD64670}.Debug|x64.Build.0 = Debug|x64
		{22E3BB54-2542-4641-9A07-7EFE0DD64670}.Release|x64.ActiveCfg = Release|x64
		{22E3BB54-2542-4641-9A07-7EFE0DD64670}.Release|x64.Build.0 = Release|x64
		{FD83A2A6-3A66-4F86-BA87-7577521913BB}.Debug|x64.ActiveCfg = Debug|x64
		{FD83A2A6-3A66-4F86-BA87-7577521913BB}.Debug|x64.Build.0 = Debug|x64
		{FD83A2A6-3A66-4F86-BA87-7577521913BB}.Release|x64.ActiveCfg = Release|x64
		{FD83A2A6-3A66-4F86-BA87-7577521913BB}.Release|x64.Build.0 = Release|x64
		{64B903CB-82E5-441C-8BC5-32BE24B30F5A}.Debug|x64.ActiveCfg = Debug|x64
		{64B903CB-82E5-441C-8BC5-32BE24B30F5A}.Debug|x64.Build.0 = Debug|x64
		{64B903CB-82E5-441C-8BC5-32BE24B30F5A}.Release|x64.ActiveCfg = Release|x64
		{64B903CB-82E5-441C-8BC5-32BE24B30F5A}.Release|x64.Build.0 = Release|x64
		{C7F539C1-757B-4007-8177-C100BACE800A}.Debug|x64.ActiveCfg = Debug|x64
		{C7F539C1-757B-4007-8177-C100BACE800A}.Debug|x64.Build.0 = Debug|x64
		{C7F539C1-757B-4007-8177-C100BACE800A}.Release|x64.ActiveCfg = Release|x64
		{C7F539C1-757B-4007-8177-C100BACE800A}.Release|x64.Build.0 = Release|x64
		{B3E9FE89-CD37-4E20-973B-B091EA079076}.Debug|x64.ActiveCfg = Debug|x64
		{B3E9FE89-CD37-4E20-973B-B091EA079076}.Debug|x64.Build.0 = Debug|x64
		{B3E9FE89-CD37-4E20-973B-B091EA079076}.Release|x64.ActiveCfg = Release|x64
		{B3E9FE89-CD37-4E20-973B-B091EA079076}.Release|x64.Build.0 = Release|x64
		{BD9C0186-0952-487A-A0F9-90DE7C8CBA84}.Debug|x64.ActiveCfg = Debug|x64
		{BD9C0186-0952-487A-A0F9-90DE7C8CBA84}.Debug|x64.Build.0 = Debug|x64
		{BD9C0186-0952-487A-A0F9-90DE7C8CBA84}.Release|x64.ActiveCfg = Release|x64
		{BD9C0186-0952-487A-A0F9-90DE7C8CBA84}.Release|x64.Build.0 = Release|x64
		{174B912F-4CB9-4EE9-A6E5-65BB94948B6E}.Debug|x64.ActiveCfg = Debug|x64
		{174B912F-4CB9-4EE9-A6E5-65BB94948B6E}.Debug|x64.Build.0 = Debug|x64
		{174B912F-4CB9-4EE9-A6E5-65BB94948B6E}.Release|x64.ActiveCfg = Release|x64
		{174B912F-4CB9-4EE9-A6E5-65BB94948B6E}.Release|x64.Build.0 = Release|x64
		{890B74F4-D72A-4F93-A500-4EF2196CB3EB}.Debug|x64.ActiveCfg = Debug|x64
		{890B74F4-D72A-4F93-A500-4EF2196CB3EB}.Debug|x64.Build.0 = Debug|x64
		{890B74F4-D72A-4F93-A500-4EF2196CB3EB}.Release|x64.ActiveCfg = Release|x64
		{890B74F4-D72A-4F93-A500-4EF2196CB3EB}.Release|x64.Build.0 = Release|x64
		{6F099305-7E81-4FD6-B803-43C2500A1212}.Debug|x64.ActiveCfg = Debug|x64
		{6F099305-7E81-4FD6-B803-43C2500A1212}.Debug|x64.Build.0 = Debug|x64
		{6F099305-7E81-4FD6-B803-43C2500A1212}.Release|x64.ActiveCfg = Release|x64
		{6F099305-7E81-4FD6-B803-43C2500A1212}.Release|x64.Build.0 = Release|x64
		{0E073F36-0544-47C9-B489-32316F73EF2A}.Debug|x64.ActiveCfg = Debug|x64
		{0E073F36-0544-47C9-B489-32316F73EF2A}.Debug|x64.Build.0 = Debug|x64
		{0E073F36-0544-47C9-B489-32316F73EF2A}.Release|x64.ActiveCfg = Release|x64
		{0E073F36-0544-47C9-B489-32316F73EF2A}.Release|x64.Build.0 = Release|x64
		{D41921B5-5D5C-4C8D-86E9-47BB34DB61AD}.Debug|x64.ActiveCfg = Debug|x64
		{D41921B5-5D5C-4C8D-86E9-47BB34DB61AD}.Debug|x64.Build.0 = Debug|x64
		{D41921B5-5D5C-4C8D-86E9-47BB34DB61AD}.Release|x64.ActiveCfg = Release|x64
		{D41921B5-5D5C-4C8D-86E9-47BB34DB61AD}.Release|x64.Build.0 = Release|x64
		{DA4D5C59-7449-4121-AA9F-05043D119825}.Debug|x64.ActiveCfg = Debug|x64
		{DA4D5C59-7449-4121-AA9F-05043D119825}.Debug|x64.Build.0 = Debug|x64
		{DA4D5C59-7449-4121-AA9F-05043D119825}.Release|x64.ActiveCfg = Release|x64
		{DA4D5C59-7449-4121-AA9F-05043D119825}.Release|x64.Build.0 = Release|x64
	EndGlobalSection
	GlobalSection(SolutionProperties) = preSolution
		HideSolutionNode = FALSE
	EndGlobalSection
	GlobalSection(NestedProjects) = preSolution
		{A15A0ED0-810E-43BA-8113-C037DCBBE798} = {D03AEB32-23B8-45DE-A877-5EBC085F2530}
		{68A9192E-5CF0-4D0B-B669-3B417041B4C0} = {D03AEB32-23B8-45DE-A877-5EBC085F2530}
		{37BA367F-4FC6-400C-A263-7C55F6AAF571} = {D03AEB32-23B8-45DE-A877-5EBC085F2530}
		{C25BB61E-5453-4396-A0F6-396271781A89} = {D03AEB32-23B8-45DE-A877-5EBC085F2530}
		{40CEEF4C-8CF9-48D7-8E86-47F3D9FEE848} = {D03AEB32-23B8-45DE-A877-5EBC085F2530}
		{B6C0DF13-E2E1-44D1-AC53-497926C80FE2} = {007308AB-97D5-493C-B9BD-35EF116A4582}
		{91AFCD8C-4F1C-4372-A179-0FD92EF4B54E} = {007308AB-97D5-493C-B9BD-35EF116A4582}
		{D39A2535-C67B-41FE-AC49-8CB41286E7D0} = {007308AB-97D5-493C-B9BD-35EF116A4582}
		{1B83A844-3FFC-4414-A101-AEE0008570DA} = {007308AB-97D5-493C-B9BD-35EF116A4582}
		{24E05475-3F1D-41F3-BA47-CA27FC0B945A} = {007308AB-97D5-493C-B9BD-35EF116A4582}
		{B200CB07-FD50-44DE-A743-6DAC414C20A2} = {007308AB-97D5-493C-B9BD-35EF116A4582}
		{6B415026-D6CC-48B7-9D20-E72FA5CD8B1E} = {054D7DA4-F082-46FE-AD7C-6F07A7A39F7D}
		{45F62836-21F2-4EF0-BC59-2A5C2652750D} = {054D7DA4-F082-46FE-AD7C-6F07A7A39F7D}
		{AD29E839-5C7B-46FF-BB14-E24BDDDA4C90} = {0F5BF6CD-2D56-4017-A500-8A9B8B381B20}
		{9D658044-FB65-4939-8449-A3A1DEBBB31A} = {007308AB-97D5-493C-B9BD-35EF116A4582}
		{8AA75274-57BF-4B04-B74E-2B5C397F911B} = {DF20EFCE-8171-4272-A5A2-44E75A07B3C5}
		{7E01E915-ADF5-4D41-9A85-2F87107D7D3B} = {DF20EFCE-8171-4272-A5A2-44E75A07B3C5}
		{9E8075AF-B061-4721-A241-8214A53DCBB3} = {DF20EFCE-8171-4272-A5A2-44E75A07B3C5}
		{C11D3CCB-F720-400B-89F7-A3C60B7079CC} = {DF20EFCE-8171-4272-A5A2-44E75A07B3C5}
		{634FC4BB-117C-46E5-B50D-B4E6AA3D8C79} = {DF20EFCE-8171-4272-A5A2-44E75A07B3C5}
		{8F58E14B-0484-4D54-A885-D5E15A5595AF} = {265E957D-344C-4140-9A1F-EE18B729F462}
		{26F53BDC-09CF-4ABD-BC77-5AEBDEB001FD} = {265E957D-344C-4140-9A1F-EE18B729F462}
		{AA197770-8BA3-464D-AAAD-DDFBAD1A2F3F} = {265E957D-344C-4140-9A1F-EE18B729F462}
		{C1DA4706-9D13-47EA-BA9A-48CA6D8A8F10} = {265E957D-344C-4140-9A1F-EE18B729F462}
		{D43EA2C4-8979-474D-94EA-85056C7DB97F} = {265E957D-344C-4140-9A1F-EE18B729F462}
		{CDAE2D2B-E4EF-4CF6-9B89-AC16B93C174B} = {265E957D-344C-4140-9A1F-EE18B729F462}
		{DF20EFCE-8171-4272-A5A2-44E75A07B3C5} = {420BDE31-51EB-40EA-B7C4-050D5B40D297}
		{265E957D-344C-4140-9A1F-EE18B729F462} = {420BDE31-51EB-40EA-B7C4-050D5B40D297}
		{22E3BB54-2542-4641-9A07-7EFE0DD64670} = {DF20EFCE-8171-4272-A5A2-44E75A07B3C5}
		{FD83A2A6-3A66-4F86-BA87-7577521913BB} = {265E957D-344C-4140-9A1F-EE18B729F462}
		{64B903CB-82E5-441C-8BC5-32BE24B30F5A} = {DF20EFCE-8171-4272-A5A2-44E75A07B3C5}
		{C7F539C1-757B-4007-8177-C100BACE800A} = {DF20EFCE-8171-4272-A5A2-44E75A07B3C5}
		{B3E9FE89-CD37-4E20-973B-B091EA079076} = {DF20EFCE-8171-4272-A5A2-44E75A07B3C5}
		{BD9C0186-0952-487A-A0F9-90DE7C8CBA84} = {265E957D-344C-4140-9A1F-EE18B729F462}
		{174B912F-4CB9-4EE9-A6E5-65BB94948B6E} = {DF20EFCE-8171-4272-A5A2-44E75A07B3C5}
		{890B74F4-D72A-4F93-A500-4EF2196CB3EB} = {DF20EFCE-8171-4272-A5A2-44E75A07B3C5}
		{6F099305-7E81-4FD6-B803-43C2500A1212} = {265E957D-344C-4140-9A1F-EE18B729F462}
		{0E073F36-0544-47C9-B489-32316F73EF2A} = {265E957D-344C-4140-9A1F-EE18B729F462}
		{D41921B5-5D5C-4C8D-86E9-47BB34DB61AD} = {265E957D-344C-4140-9A1F-EE18B729F462}
		{DA4D5C59-7449-4121-AA9F-05043D119825} = {265E957D-344C-4140-9A1F-EE18B729F462}
	EndGlobalSection
EndGlobal
